// !$*UTF8*$!
{
	archiveVersion = 1;
	classes = {
	};
	objectVersion = 50;
	objects = {

/* Begin PBXBuildFile section */
		D3972F422136F61400C879DD /* AppDelegate.swift in Sources */ = {isa = PBXBuildFile; fileRef = D3972F412136F61400C879DD /* AppDelegate.swift */; };
		D3972F442136F61700C879DD /* Assets.xcassets in Resources */ = {isa = PBXBuildFile; fileRef = D3972F432136F61700C879DD /* Assets.xcassets */; };
		D3972F472136F61700C879DD /* MainMenu.xib in Resources */ = {isa = PBXBuildFile; fileRef = D3972F452136F61700C879DD /* MainMenu.xib */; };
		D3972F552136F9EC00C879DD /* BasicStructs.c in Sources */ = {isa = PBXBuildFile; fileRef = D3972F532136F9EC00C879DD /* BasicStructs.c */; };
		D3972F582137146A00C879DD /* PCH_List.c in Sources */ = {isa = PBXBuildFile; fileRef = D3972F562137146A00C879DD /* PCH_List.c */; };
		D3972F5B2138076400C879DD /* PCH_Port.c in Sources */ = {isa = PBXBuildFile; fileRef = D3972F592138076400C879DD /* PCH_Port.c */; };
/* End PBXBuildFile section */

/* Begin PBXFileReference section */
		D3972F3E2136F61400C879DD /* PCH_Hacker.app */ = {isa = PBXFileReference; explicitFileType = wrapper.application; includeInIndex = 0; path = PCH_Hacker.app; sourceTree = BUILT_PRODUCTS_DIR; };
		D3972F412136F61400C879DD /* AppDelegate.swift */ = {isa = PBXFileReference; lastKnownFileType = sourcecode.swift; path = AppDelegate.swift; sourceTree = "<group>"; };
		D3972F432136F61700C879DD /* Assets.xcassets */ = {isa = PBXFileReference; lastKnownFileType = folder.assetcatalog; path = Assets.xcassets; sourceTree = "<group>"; };
		D3972F462136F61700C879DD /* Base */ = {isa = PBXFileReference; lastKnownFileType = file.xib; name = Base; path = Base.lproj/MainMenu.xib; sourceTree = "<group>"; };
		D3972F482136F61700C879DD /* Info.plist */ = {isa = PBXFileReference; lastKnownFileType = text.plist.xml; path = Info.plist; sourceTree = "<group>"; };
		D3972F492136F61700C879DD /* PCH_Hacker.entitlements */ = {isa = PBXFileReference; lastKnownFileType = text.plist.entitlements; path = PCH_Hacker.entitlements; sourceTree = "<group>"; };
		D3972F4F2136F67300C879DD /* PCH_Hacker-Bridging-Header.h */ = {isa = PBXFileReference; lastKnownFileType = sourcecode.c.h; path = "PCH_Hacker-Bridging-Header.h"; sourceTree = "<group>"; };
		D3972F532136F9EC00C879DD /* BasicStructs.c */ = {isa = PBXFileReference; lastKnownFileType = sourcecode.c.c; path = BasicStructs.c; sourceTree = "<group>"; };
		D3972F542136F9EC00C879DD /* BasicStructs.h */ = {isa = PBXFileReference; lastKnownFileType = sourcecode.c.h; path = BasicStructs.h; sourceTree = "<group>"; };
		D3972F562137146A00C879DD /* PCH_List.c */ = {isa = PBXFileReference; lastKnownFileType = sourcecode.c.c; path = PCH_List.c; sourceTree = "<group>"; };
		D3972F572137146A00C879DD /* PCH_List.h */ = {isa = PBXFileReference; lastKnownFileType = sourcecode.c.h; path = PCH_List.h; sourceTree = "<group>"; };
		D3972F592138076400C879DD /* PCH_Port.c */ = {isa = PBXFileReference; lastKnownFileType = sourcecode.c.c; path = PCH_Port.c; sourceTree = "<group>"; };
		D3972F5A2138076400C879DD /* PCH_Port.h */ = {isa = PBXFileReference; lastKnownFileType = sourcecode.c.h; path = PCH_Port.h; sourceTree = "<group>"; };
		D3972F5D21381AA800C879DD /* PCH_C_Logging.h */ = {isa = PBXFileReference; fileEncoding = 4; lastKnownFileType = sourcecode.c.h; name = PCH_C_Logging.h; path = ../../../../Dropbox/MyProjects/PCH_C_Logging.h; sourceTree = "<group>"; };
/* End PBXFileReference section */

/* Begin PBXFrameworksBuildPhase section */
		D3972F3B2136F61400C879DD /* Frameworks */ = {
			isa = PBXFrameworksBuildPhase;
			buildActionMask = 2147483647;
			files = (
			);
			runOnlyForDeploymentPostprocessing = 0;
		};
/* End PBXFrameworksBuildPhase section */

/* Begin PBXGroup section */
		D3972F352136F61400C879DD = {
			isa = PBXGroup;
			children = (
				D3972F402136F61400C879DD /* PCH_Hacker */,
				D3972F3F2136F61400C879DD /* Products */,
			);
			sourceTree = "<group>";
		};
		D3972F3F2136F61400C879DD /* Products */ = {
			isa = PBXGroup;
			children = (
				D3972F3E2136F61400C879DD /* PCH_Hacker.app */,
			);
			name = Products;
			sourceTree = "<group>";
		};
		D3972F402136F61400C879DD /* PCH_Hacker */ = {
			isa = PBXGroup;
			children = (
				D3972F412136F61400C879DD /* AppDelegate.swift */,
				D3972F532136F9EC00C879DD /* BasicStructs.c */,
				D3972F542136F9EC00C879DD /* BasicStructs.h */,
				D3972F592138076400C879DD /* PCH_Port.c */,
				D3972F5A2138076400C879DD /* PCH_Port.h */,
				D3972F562137146A00C879DD /* PCH_List.c */,
				D3972F572137146A00C879DD /* PCH_List.h */,
				D3972F5D21381AA800C879DD /* PCH_C_Logging.h */,
				D3972F432136F61700C879DD /* Assets.xcassets */,
				D3972F452136F61700C879DD /* MainMenu.xib */,
				D3972F482136F61700C879DD /* Info.plist */,
				D3972F492136F61700C879DD /* PCH_Hacker.entitlements */,
				D3972F4F2136F67300C879DD /* PCH_Hacker-Bridging-Header.h */,
			);
			path = PCH_Hacker;
			sourceTree = "<group>";
		};
/* End PBXGroup section */

/* Begin PBXNativeTarget section */
		D3972F3D2136F61400C879DD /* PCH_Hacker */ = {
			isa = PBXNativeTarget;
			buildConfigurationList = D3972F4C2136F61700C879DD /* Build configuration list for PBXNativeTarget "PCH_Hacker" */;
			buildPhases = (
				D3972F3A2136F61400C879DD /* Sources */,
				D3972F3B2136F61400C879DD /* Frameworks */,
				D3972F3C2136F61400C879DD /* Resources */,
			);
			buildRules = (
			);
			dependencies = (
			);
			name = PCH_Hacker;
			productName = PCH_Hacker;
			productReference = D3972F3E2136F61400C879DD /* PCH_Hacker.app */;
			productType = "com.apple.product-type.application";
		};
/* End PBXNativeTarget section */

/* Begin PBXProject section */
		D3972F362136F61400C879DD /* Project object */ = {
			isa = PBXProject;
			attributes = {
				LastSwiftUpdateCheck = 0940;
				LastUpgradeCheck = 0940;
				ORGANIZATIONNAME = "Peter Huber";
				TargetAttributes = {
					D3972F3D2136F61400C879DD = {
						CreatedOnToolsVersion = 9.4.1;
						LastSwiftMigration = 0940;
					};
				};
			};
			buildConfigurationList = D3972F392136F61400C879DD /* Build configuration list for PBXProject "PCH_Hacker" */;
			compatibilityVersion = "Xcode 9.3";
			developmentRegion = en;
			hasScannedForEncodings = 0;
			knownRegions = (
				en,
				Base,
			);
			mainGroup = D3972F352136F61400C879DD;
			productRefGroup = D3972F3F2136F61400C879DD /* Products */;
			projectDirPath = "";
			projectRoot = "";
			targets = (
				D3972F3D2136F61400C879DD /* PCH_Hacker */,
			);
		};
/* End PBXProject section */

/* Begin PBXResourcesBuildPhase section */
		D3972F3C2136F61400C879DD /* Resources */ = {
			isa = PBXResourcesBuildPhase;
			buildActionMask = 2147483647;
			files = (
				D3972F442136F61700C879DD /* Assets.xcassets in Resources */,
				D3972F472136F61700C879DD /* MainMenu.xib in Resources */,
			);
			runOnlyForDeploymentPostprocessing = 0;
		};
/* End PBXResourcesBuildPhase section */

/* Begin PBXSourcesBuildPhase section */
		D3972F3A2136F61400C879DD /* Sources */ = {
			isa = PBXSourcesBuildPhase;
			buildActionMask = 2147483647;
			files = (
				D3972F422136F61400C879DD /* AppDelegate.swift in Sources */,
				D3972F582137146A00C879DD /* PCH_List.c in Sources */,
				D3972F5B2138076400C879DD /* PCH_Port.c in Sources */,
				D3972F552136F9EC00C879DD /* BasicStructs.c in Sources */,
			);
			runOnlyForDeploymentPostprocessing = 0;
		};
/* End PBXSourcesBuildPhase section */

/* Begin PBXVariantGroup section */
		D3972F452136F61700C879DD /* MainMenu.xib */ = {
			isa = PBXVariantGroup;
			children = (
				D3972F462136F61700C879DD /* Base */,
			);
			name = MainMenu.xib;
			sourceTree = "<group>";
		};
/* End PBXVariantGroup section */

/* Begin XCBuildConfiguration section */
		D3972F4A2136F61700C879DD /* Debug */ = {
			isa = XCBuildConfiguration;
			buildSettings = {
				ALWAYS_SEARCH_USER_PATHS = NO;
				CLANG_ANALYZER_NONNULL = YES;
				CLANG_ANALYZER_NUMBER_OBJECT_CONVERSION = YES_AGGRESSIVE;
				CLANG_CXX_LANGUAGE_STANDARD = "gnu++14";
				CLANG_CXX_LIBRARY = "libc++";
				CLANG_ENABLE_MODULES = YES;
				CLANG_ENABLE_OBJC_ARC = YES;
				CLANG_ENABLE_OBJC_WEAK = YES;
				CLANG_WARN_BLOCK_CAPTURE_AUTORELEASING = YES;
				CLANG_WARN_BOOL_CONVERSION = YES;
				CLANG_WARN_COMMA = YES;
				CLANG_WARN_CONSTANT_CONVERSION = YES;
				CLANG_WARN_DEPRECATED_OBJC_IMPLEMENTATIONS = YES;
				CLANG_WARN_DIRECT_OBJC_ISA_USAGE = YES_ERROR;
				CLANG_WARN_DOCUMENTATION_COMMENTS = YES;
				CLANG_WARN_EMPTY_BODY = YES;
				CLANG_WARN_ENUM_CONVERSION = YES;
				CLANG_WARN_INFINITE_RECURSION = YES;
				CLANG_WARN_INT_CONVERSION = YES;
				CLANG_WARN_NON_LITERAL_NULL_CONVERSION = YES;
				CLANG_WARN_OBJC_IMPLICIT_RETAIN_SELF = YES;
				CLANG_WARN_OBJC_LITERAL_CONVERSION = YES;
				CLANG_WARN_OBJC_ROOT_CLASS = YES_ERROR;
				CLANG_WARN_RANGE_LOOP_ANALYSIS = YES;
				CLANG_WARN_STRICT_PROTOTYPES = YES;
				CLANG_WARN_SUSPICIOUS_MOVE = YES;
				CLANG_WARN_UNGUARDED_AVAILABILITY = YES_AGGRESSIVE;
				CLANG_WARN_UNREACHABLE_CODE = YES;
				CLANG_WARN__DUPLICATE_METHOD_MATCH = YES;
				CODE_SIGN_IDENTITY = "-";
				COPY_PHASE_STRIP = NO;
				DEBUG_INFORMATION_FORMAT = dwarf;
				ENABLE_STRICT_OBJC_MSGSEND = YES;
				ENABLE_TESTABILITY = YES;
				GCC_C_LANGUAGE_STANDARD = gnu11;
				GCC_DYNAMIC_NO_PIC = NO;
				GCC_NO_COMMON_BLOCKS = YES;
				GCC_OPTIMIZATION_LEVEL = 0;
				GCC_PREPROCESSOR_DEFINITIONS = (
					"DEBUG=1",
					"$(inherited)",
				);
				GCC_WARN_64_TO_32_BIT_CONVERSION = YES;
				GCC_WARN_ABOUT_RETURN_TYPE = YES_ERROR;
				GCC_WARN_UNDECLARED_SELECTOR = YES;
				GCC_WARN_UNINITIALIZED_AUTOS = YES_AGGRESSIVE;
				GCC_WARN_UNUSED_FUNCTION = YES;
				GCC_WARN_UNUSED_VARIABLE = YES;
				MACOSX_DEPLOYMENT_TARGET = 10.13;
				MTL_ENABLE_DEBUG_INFO = YES;
				ONLY_ACTIVE_ARCH = YES;
				SDKROOT = macosx;
				SWIFT_ACTIVE_COMPILATION_CONDITIONS = DEBUG;
				SWIFT_OPTIMIZATION_LEVEL = "-Onone";
			};
			name = Debug;
		};
		D3972F4B2136F61700C879DD /* Release */ = {
			isa = XCBuildConfiguration;
			buildSettings = {
				ALWAYS_SEARCH_USER_PATHS = NO;
				CLANG_ANALYZER_NONNULL = YES;
				CLANG_ANALYZER_NUMBER_OBJECT_CONVERSION = YES_AGGRESSIVE;
				CLANG_CXX_LANGUAGE_STANDARD = "gnu++14";
				CLANG_CXX_LIBRARY = "libc++";
				CLANG_ENABLE_MODULES = YES;
				CLANG_ENABLE_OBJC_ARC = YES;
				CLANG_ENABLE_OBJC_WEAK = YES;
				CLANG_WARN_BLOCK_CAPTURE_AUTORELEASING = YES;
				CLANG_WARN_BOOL_CONVERSION = YES;
				CLANG_WARN_COMMA = YES;
				CLANG_WARN_CONSTANT_CONVERSION = YES;
				CLANG_WARN_DEPRECATED_OBJC_IMPLEMENTATIONS = YES;
				CLANG_WARN_DIRECT_OBJC_ISA_USAGE = YES_ERROR;
				CLANG_WARN_DOCUMENTATION_COMMENTS = YES;
				CLANG_WARN_EMPTY_BODY = YES;
				CLANG_WARN_ENUM_CONVERSION = YES;
				CLANG_WARN_INFINITE_RECURSION = YES;
				CLANG_WARN_INT_CONVERSION = YES;
				CLANG_WARN_NON_LITERAL_NULL_CONVERSION = YES;
				CLANG_WARN_OBJC_IMPLICIT_RETAIN_SELF = YES;
				CLANG_WARN_OBJC_LITERAL_CONVERSION = YES;
				CLANG_WARN_OBJC_ROOT_CLASS = YES_ERROR;
				CLANG_WARN_RANGE_LOOP_ANALYSIS = YES;
				CLANG_WARN_STRICT_PROTOTYPES = YES;
				CLANG_WARN_SUSPICIOUS_MOVE = YES;
				CLANG_WARN_UNGUARDED_AVAILABILITY = YES_AGGRESSIVE;
				CLANG_WARN_UNREACHABLE_CODE = YES;
				CLANG_WARN__DUPLICATE_METHOD_MATCH = YES;
				CODE_SIGN_IDENTITY = "-";
				COPY_PHASE_STRIP = NO;
				DEBUG_INFORMATION_FORMAT = "dwarf-with-dsym";
				ENABLE_NS_ASSERTIONS = NO;
				ENABLE_STRICT_OBJC_MSGSEND = YES;
				GCC_C_LANGUAGE_STANDARD = gnu11;
				GCC_NO_COMMON_BLOCKS = YES;
				GCC_WARN_64_TO_32_BIT_CONVERSION = YES;
				GCC_WARN_ABOUT_RETURN_TYPE = YES_ERROR;
				GCC_WARN_UNDECLARED_SELECTOR = YES;
				GCC_WARN_UNINITIALIZED_AUTOS = YES_AGGRESSIVE;
				GCC_WARN_UNUSED_FUNCTION = YES;
				GCC_WARN_UNUSED_VARIABLE = YES;
				MACOSX_DEPLOYMENT_TARGET = 10.13;
				MTL_ENABLE_DEBUG_INFO = NO;
				SDKROOT = macosx;
				SWIFT_COMPILATION_MODE = wholemodule;
				SWIFT_OPTIMIZATION_LEVEL = "-O";
			};
			name = Release;
		};
		D3972F4D2136F61700C879DD /* Debug */ = {
			isa = XCBuildConfiguration;
			buildSettings = {
				ASSETCATALOG_COMPILER_APPICON_NAME = AppIcon;
				CLANG_ENABLE_MODULES = YES;
				CODE_SIGN_ENTITLEMENTS = PCH_Hacker/PCH_Hacker.entitlements;
				CODE_SIGN_STYLE = Automatic;
				COMBINE_HIDPI_IMAGES = YES;
				INFOPLIST_FILE = PCH_Hacker/Info.plist;
				LD_RUNPATH_SEARCH_PATHS = (
					"$(inherited)",
					"@executable_path/../Frameworks",
				);
				PRODUCT_BUNDLE_IDENTIFIER = "com.huberis-tech.PCH-Hacker";
				PRODUCT_NAME = "$(TARGET_NAME)";
				SWIFT_OBJC_BRIDGING_HEADER = "PCH_Hacker/PCH_Hacker-Bridging-Header.h";
				SWIFT_OPTIMIZATION_LEVEL = "-Onone";
				SWIFT_VERSION = 4.0;
			};
			name = Debug;
		};
		D3972F4E2136F61700C879DD /* Release */ = {
			isa = XCBuildConfiguration;
			buildSettings = {
				ASSETCATALOG_COMPILER_APPICON_NAME = AppIcon;
				CLANG_ENABLE_MODULES = YES;
				CODE_SIGN_ENTITLEMENTS = PCH_Hacker/PCH_Hacker.entitlements;
				CODE_SIGN_STYLE = Automatic;
				COMBINE_HIDPI_IMAGES = YES;
				INFOPLIST_FILE = PCH_Hacker/Info.plist;
				LD_RUNPATH_SEARCH_PATHS = (
					"$(inherited)",
					"@executable_path/../Frameworks",
				);
				PRODUCT_BUNDLE_IDENTIFIER = "com.huberis-tech.PCH-Hacker";
				PRODUCT_NAME = "$(TARGET_NAME)";
				SWIFT_OBJC_BRIDGING_HEADER = "PCH_Hacker/PCH_Hacker-Bridging-Header.h";
				SWIFT_VERSION = 4.0;
			};
			name = Release;
		};
/* End XCBuildConfiguration section */

/* Begin XCConfigurationList section */
		D3972F392136F61400C879DD /* Build configuration list for PBXProject "PCH_Hacker" */ = {
			isa = XCConfigurationList;
			buildConfigurations = (
				D3972F4A2136F61700C879DD /* Debug */,
				D3972F4B2136F61700C879DD /* Release */,
			);
			defaultConfigurationIsVisible = 0;
			defaultConfigurationName = Release;
		};
		D3972F4C2136F61700C879DD /* Build configuration list for PBXNativeTarget "PCH_Hacker" */ = {
			isa = XCConfigurationList;
			buildConfigurations = (
				D3972F4D2136F61700C879DD /* Debug */,
				D3972F4E2136F61700C879DD /* Release */,
			);
			defaultConfigurationIsVisible = 0;
			defaultConfigurationName = Release;
		};
/* End XCConfigurationList section */
	};
	rootObject = D3972F362136F61400C879DD /* Project object */;
}
